
Microsoft Visual Studio Solution File, Format Version 12.00
# Visual Studio Version 16
VisualStudioVersion = 16.0.29721.120
MinimumVisualStudioVersion = 10.0.40219.1
Project("{8BC9CEB8-8B4A-11D0-8D11-00A0C91BC942}") = "ChimeraStaticLibraryMSVC", "ChimeraStaticLibraryMSVC\ChimeraStaticLibraryMSVC.vcxproj", "{875E1F34-6708-4C7C-A6EC-74FABA6B0BFB}"
EndProject
Global
	GlobalSection(SolutionConfigurationPlatforms) = preSolution
		Debug|x64 = Debug|x64
		Debug|x86 = Debug|x86
		Release|x64 = Release|x64
		Release|x86 = Release|x86
	EndGlobalSection
	GlobalSection(ProjectConfigurationPlatforms) = postSolution
		{875E1F34-6708-4C7C-A6EC-74FABA6B0BFB}.Debug|x64.ActiveCfg = Debug|x64
		{875E1F34-6708-4C7C-A6EC-74FABA6B0BFB}.Debug|x64.Build.0 = Debug|x64
		{875E1F34-6708-4C7C-A6EC-74FABA6B0BFB}.Debug|x86.ActiveCfg = Debug|Win32
		{875E1F34-6708-4C7C-A6EC-74FABA6B0BFB}.Debug|x86.Build.0 = Debug|Win32
		{875E1F34-6708-4C7C-A6EC-74FABA6B0BFB}.Release|x64.ActiveCfg = Release|x64
		{875E1F34-6708-4C7C-A6EC-74FABA6B0BFB}.Release|x64.Build.0 = Release|x64
		{875E1F34-6708-4C7C-A6EC-74FABA6B0BFB}.Release|x86.ActiveCfg = Release|Win32
		{875E1F34-6708-4C7C-A6EC-74FABA6B0BFB}.Release|x86.Build.0 = Release|Win32
	EndGlobalSection
	GlobalSection(SolutionProperties) = preSolution
		HideSolutionNode = FALSE
	EndGlobalSection
	GlobalSection(ExtensibilityGlobals) = postSolution
		SolutionGuid = {C04D6F54-186F-4E2E-9ECF-B1AAC6AAF2E3}
	EndGlobalSection
EndGlobal
